
Microsoft Visual Studio Solution File, Format Version 12.00
# Visual Studio Version 16
VisualStudioVersion = 16.0.29306.81
MinimumVisualStudioVersion = 10.0.40219.1
Project("{FAE04EC0-301F-11D3-BF4B-00C04F79EFBC}") = "DemoDevOps.Android", "src\DemoDevOps.Android\DemoDevOps.Android.csproj", "{7F825C0A-6211-46DB-8B90-A6F28437047F}"
EndProject
Project("{FAE04EC0-301F-11D3-BF4B-00C04F79EFBC}") = "DemoDevOps.iOS", "src\DemoDevOps.iOS\DemoDevOps.iOS.csproj", "{1EFA4518-6C26-4C9E-BE0D-237E2FAE8ED7}"
EndProject
Project("{FAE04EC0-301F-11D3-BF4B-00C04F79EFBC}") = "DemoDevOps", "src\DemoDevOps\DemoDevOps.csproj", "{081031CA-92B8-4032-ABDE-7D1055C934D5}"
EndProject
Global
	GlobalSection(SolutionConfigurationPlatforms) = preSolution
		Debug|Any CPU = Debug|Any CPU
		Debug|iPhone = Debug|iPhone
		Debug|iPhoneSimulator = Debug|iPhoneSimulator
		Release|Any CPU = Release|Any CPU
		Release|iPhone = Release|iPhone
		Release|iPhoneSimulator = Release|iPhoneSimulator
	EndGlobalSection
	GlobalSection(ProjectConfigurationPlatforms) = postSolution
		{7F825C0A-6211-46DB-8B90-A6F28437047F}.Debug|Any CPU.ActiveCfg = Debug|Any CPU
		{7F825C0A-6211-46DB-8B90-A6F28437047F}.Debug|Any CPU.Build.0 = Debug|Any CPU
		{7F825C0A-6211-46DB-8B90-A6F28437047F}.Debug|Any CPU.Deploy.0 = Debug|Any CPU
		{7F825C0A-6211-46DB-8B90-A6F28437047F}.Debug|iPhone.ActiveCfg = Debug|Any CPU
		{7F825C0A-6211-46DB-8B90-A6F28437047F}.Debug|iPhone.Build.0 = Debug|Any CPU
		{7F825C0A-6211-46DB-8B90-A6F28437047F}.Debug|iPhone.Deploy.0 = Debug|Any CPU
		{7F825C0A-6211-46DB-8B90-A6F28437047F}.Debug|iPhoneSimulator.ActiveCfg = Debug|Any CPU
		{7F825C0A-6211-46DB-8B90-A6F28437047F}.Debug|iPhoneSimulator.Build.0 = Debug|Any CPU
		{7F825C0A-6211-46DB-8B90-A6F28437047F}.Debug|iPhoneSimulator.Deploy.0 = Debug|Any CPU
		{7F825C0A-6211-46DB-8B90-A6F28437047F}.Release|Any CPU.ActiveCfg = Release|Any CPU
		{7F825C0A-6211-46DB-8B90-A6F28437047F}.Release|Any CPU.Build.0 = Release|Any CPU
		{7F825C0A-6211-46DB-8B90-A6F28437047F}.Release|Any CPU.Deploy.0 = Release|Any CPU
		{7F825C0A-6211-46DB-8B90-A6F28437047F}.Release|iPhone.ActiveCfg = Release|Any CPU
		{7F825C0A-6211-46DB-8B90-A6F28437047F}.Release|iPhone.Build.0 = Release|Any CPU
		{7F825C0A-6211-46DB-8B90-A6F28437047F}.Release|iPhone.Deploy.0 = Release|Any CPU
		{7F825C0A-6211-46DB-8B90-A6F28437047F}.Release|iPhoneSimulator.ActiveCfg = Release|Any CPU
		{7F825C0A-6211-46DB-8B90-A6F28437047F}.Release|iPhoneSimulator.Build.0 = Release|Any CPU
		{7F825C0A-6211-46DB-8B90-A6F28437047F}.Release|iPhoneSimulator.Deploy.0 = Release|Any CPU
		{1EFA4518-6C26-4C9E-BE0D-237E2FAE8ED7}.Debug|Any CPU.ActiveCfg = Debug|iPhoneSimulator
		{1EFA4518-6C26-4C9E-BE0D-237E2FAE8ED7}.Debug|Any CPU.Build.0 = Debug|iPhoneSimulator
		{1EFA4518-6C26-4C9E-BE0D-237E2FAE8ED7}.Debug|Any CPU.Deploy.0 = Debug|iPhoneSimulator
		{1EFA4518-6C26-4C9E-BE0D-237E2FAE8ED7}.Debug|iPhone.ActiveCfg = Debug|iPhone
		{1EFA4518-6C26-4C9E-BE0D-237E2FAE8ED7}.Debug|iPhone.Build.0 = Debug|iPhone
		{1EFA4518-6C26-4C9E-BE0D-237E2FAE8ED7}.Debug|iPhone.Deploy.0 = Debug|iPhone
		{1EFA4518-6C26-4C9E-BE0D-237E2FAE8ED7}.Debug|iPhoneSimulator.ActiveCfg = Debug|iPhoneSimulator
		{1EFA4518-6C26-4C9E-BE0D-237E2FAE8ED7}.Debug|iPhoneSimulator.Build.0 = Debug|iPhoneSimulator
		{1EFA4518-6C26-4C9E-BE0D-237E2FAE8ED7}.Debug|iPhoneSimulator.Deploy.0 = Debug|iPhoneSimulator
		{1EFA4518-6C26-4C9E-BE0D-237E2FAE8ED7}.Release|Any CPU.ActiveCfg = Release|iPhone
		{1EFA4518-6C26-4C9E-BE0D-237E2FAE8ED7}.Release|Any CPU.Build.0 = Release|iPhone
		{1EFA4518-6C26-4C9E-BE0D-237E2FAE8ED7}.Release|Any CPU.Deploy.0 = Release|iPhone
		{1EFA4518-6C26-4C9E-BE0D-237E2FAE8ED7}.Release|iPhone.ActiveCfg = Release|iPhone
		{1EFA4518-6C26-4C9E-BE0D-237E2FAE8ED7}.Release|iPhone.Build.0 = Release|iPhone
		{1EFA4518-6C26-4C9E-BE0D-237E2FAE8ED7}.Release|iPhone.Deploy.0 = Release|iPhone
		{1EFA4518-6C26-4C9E-BE0D-237E2FAE8ED7}.Release|iPhoneSimulator.ActiveCfg = Release|iPhoneSimulator
		{1EFA4518-6C26-4C9E-BE0D-237E2FAE8ED7}.Release|iPhoneSimulator.Build.0 = Release|iPhoneSimulator
		{1EFA4518-6C26-4C9E-BE0D-237E2FAE8ED7}.Release|iPhoneSimulator.Deploy.0 = Release|iPhoneSimulator
		{081031CA-92B8-4032-ABDE-7D1055C934D5}.Debug|Any CPU.ActiveCfg = Debug|Any CPU
		{081031CA-92B8-4032-ABDE-7D1055C934D5}.Debug|Any CPU.Build.0 = Debug|Any CPU
		{081031CA-92B8-4032-ABDE-7D1055C934D5}.Debug|Any CPU.Deploy.0 = Debug|Any CPU
		{081031CA-92B8-4032-ABDE-7D1055C934D5}.Debug|iPhone.ActiveCfg = Debug|Any CPU
		{081031CA-92B8-4032-ABDE-7D1055C934D5}.Debug|iPhone.Build.0 = Debug|Any CPU
		{081031CA-92B8-4032-ABDE-7D1055C934D5}.Debug|iPhone.Deploy.0 = Debug|Any CPU
		{081031CA-92B8-4032-ABDE-7D1055C934D5}.Debug|iPhoneSimulator.ActiveCfg = Debug|Any CPU
		{081031CA-92B8-4032-ABDE-7D1055C934D5}.Debug|iPhoneSimulator.Build.0 = Debug|Any CPU
		{081031CA-92B8-4032-ABDE-7D1055C934D5}.Debug|iPhoneSimulator.Deploy.0 = Debug|Any CPU
		{081031CA-92B8-4032-ABDE-7D1055C934D5}.Release|Any CPU.ActiveCfg = Release|Any CPU
		{081031CA-92B8-4032-ABDE-7D1055C934D5}.Release|Any CPU.Build.0 = Release|Any CPU
		{081031CA-92B8-4032-ABDE-7D1055C934D5}.Release|Any CPU.Deploy.0 = Release|Any CPU
		{081031CA-92B8-4032-ABDE-7D1055C934D5}.Release|iPhone.ActiveCfg = Release|Any CPU
		{081031CA-92B8-4032-ABDE-7D1055C934D5}.Release|iPhone.Build.0 = Release|Any CPU
		{081031CA-92B8-4032-ABDE-7D1055C934D5}.Release|iPhone.Deploy.0 = Release|Any CPU
		{081031CA-92B8-4032-ABDE-7D1055C934D5}.Release|iPhoneSimulator.ActiveCfg = Release|Any CPU
		{081031CA-92B8-4032-ABDE-7D1055C934D5}.Release|iPhoneSimulator.Build.0 = Release|Any CPU
		{081031CA-92B8-4032-ABDE-7D1055C934D5}.Release|iPhoneSimulator.Deploy.0 = Release|Any CPU
	EndGlobalSection
	GlobalSection(SolutionProperties) = preSolution
		HideSolutionNode = FALSE
	EndGlobalSection
	GlobalSection(ExtensibilityGlobals) = postSolution
		SolutionGuid = {1819401C-F806-4E8E-929B-DC12A4A00F82}
	EndGlobalSection
EndGlobal
